<?xml version="1.0" encoding="utf-8"?>
<Project ToolsVersion="4.0" xmlns="http://schemas.microsoft.com/developer/msbuild/2003">
  <ItemGroup>
    <ClCompile Include="Source\Main.cpp" />
    <ClCompile Include="Source\Graphics\Window.cpp" />
    <ClCompile Include="Source\Maths\Vector2.cpp" />
    <ClCompile Include="Source\Maths\Vector3.cpp" />
    <ClCompile Include="Source\Maths\Vector4.cpp" />
    <ClCompile Include="Source\Maths\Matrix4.cpp" />
    <ClCompile Include="Source\Graphics\Shader.cpp" />
    <ClCompile Include="Source\Graphics\Buffers\Buffer.cpp" />
    <ClCompile Include="Source\Graphics\Buffers\IndexBuffer.cpp" />
    <ClCompile Include="Source\Graphics\Buffers\VertexArray.cpp" />
    <ClCompile Include="Source\Graphics\Simple2DRenderer.cpp" />
    <ClCompile Include="Source\Graphics\BatchRenderer2D.cpp" />
    <ClCompile Include="Source\Graphics\Sprite.cpp" />
    <ClCompile Include="Source\Graphics\StaticSprite.cpp" />
  </ItemGroup>
  <ItemGroup>
    <ClInclude Include="Source\Graphics\Window.h" />
    <ClInclude Include="Source\Maths\Vector2.h" />
    <ClInclude Include="Source\Maths\Maths.h" />
    <ClInclude Include="Source\Maths\Vector3.h" />
    <ClInclude Include="Source\Maths\Vector4.h" />
    <ClInclude Include="Source\Maths\Matrix4.h" />
    <ClInclude Include="Source\Maths\MathFunctions.h" />
    <ClInclude Include="Source\Utils\FileUtils.h" />
    <ClInclude Include="Source\Graphics\Shader.h" />
    <ClInclude Include="Source\Graphics\Buffers\Buffer.h" />
    <ClInclude Include="Source\Graphics\Buffers\IndexBuffer.h" />
    <ClInclude Include="Source\Graphics\Buffers\VertexArray.h" />
    <ClInclude Include="Source\Graphics\Renderable2D.h" />
    <ClInclude Include="Source\Graphics\Renderer2D.h" />
    <ClInclude Include="Source\Graphics\Simple2DRenderer.h" />
    <ClInclude Include="Source\Graphics\BatchRenderer2D.h" />
    <ClInclude Include="Source\Graphics\Sprite.h" />
    <ClInclude Include="Source\Graphics\StaticSprite.h" />
  </ItemGroup>
  <ItemGroup>
    <None Include="Source\Resources\vertexShader.shader" />
    <None Include="Source\Resources\fragmentShader.shader" />
  </ItemGroup>
</Project>